
Microsoft Visual Studio Solution File, Format Version 12.00
# Visual Studio Version 16
VisualStudioVersion = 16.0.30114.105
MinimumVisualStudioVersion = 10.0.40219.1
Project("{FAE04EC0-301F-11D3-BF4B-00C04F79EFBC}") = "Ele.Android", "Ele\Ele.Android\Ele.Android.csproj", "{860ED091-E540-4571-BCB9-1DD2187B79A1}"
EndProject
Project("{FAE04EC0-301F-11D3-BF4B-00C04F79EFBC}") = "Ele.iOS", "Ele\Ele.iOS\Ele.iOS.csproj", "{2AB1E05D-5BAE-422F-A8F7-F382113638DD}"
EndProject
Project("{FAE04EC0-301F-11D3-BF4B-00C04F79EFBC}") = "Ele", "Ele\Ele\Ele.csproj", "{4E6E2B2C-E9E1-4A45-BFF8-2C05AD9D834A}"
EndProject
Global
	GlobalSection(SolutionConfigurationPlatforms) = preSolution
		Debug|Any CPU = Debug|Any CPU
		Debug|iPhone = Debug|iPhone
		Debug|iPhoneSimulator = Debug|iPhoneSimulator
		Release|Any CPU = Release|Any CPU
		Release|iPhone = Release|iPhone
		Release|iPhoneSimulator = Release|iPhoneSimulator
	EndGlobalSection
	GlobalSection(ProjectConfigurationPlatforms) = postSolution
		{860ED091-E540-4571-BCB9-1DD2187B79A1}.Debug|Any CPU.ActiveCfg = Debug|Any CPU
		{860ED091-E540-4571-BCB9-1DD2187B79A1}.Debug|Any CPU.Build.0 = Debug|Any CPU
		{860ED091-E540-4571-BCB9-1DD2187B79A1}.Debug|Any CPU.Deploy.0 = Debug|Any CPU
		{860ED091-E540-4571-BCB9-1DD2187B79A1}.Debug|iPhone.ActiveCfg = Debug|Any CPU
		{860ED091-E540-4571-BCB9-1DD2187B79A1}.Debug|iPhone.Build.0 = Debug|Any CPU
		{860ED091-E540-4571-BCB9-1DD2187B79A1}.Debug|iPhone.Deploy.0 = Debug|Any CPU
		{860ED091-E540-4571-BCB9-1DD2187B79A1}.Debug|iPhoneSimulator.ActiveCfg = Debug|Any CPU
		{860ED091-E540-4571-BCB9-1DD2187B79A1}.Debug|iPhoneSimulator.Build.0 = Debug|Any CPU
		{860ED091-E540-4571-BCB9-1DD2187B79A1}.Debug|iPhoneSimulator.Deploy.0 = Debug|Any CPU
		{860ED091-E540-4571-BCB9-1DD2187B79A1}.Release|Any CPU.ActiveCfg = Release|Any CPU
		{860ED091-E540-4571-BCB9-1DD2187B79A1}.Release|Any CPU.Build.0 = Release|Any CPU
		{860ED091-E540-4571-BCB9-1DD2187B79A1}.Release|Any CPU.Deploy.0 = Release|Any CPU
		{860ED091-E540-4571-BCB9-1DD2187B79A1}.Release|iPhone.ActiveCfg = Release|Any CPU
		{860ED091-E540-4571-BCB9-1DD2187B79A1}.Release|iPhone.Build.0 = Release|Any CPU
		{860ED091-E540-4571-BCB9-1DD2187B79A1}.Release|iPhone.Deploy.0 = Release|Any CPU
		{860ED091-E540-4571-BCB9-1DD2187B79A1}.Release|iPhoneSimulator.ActiveCfg = Release|Any CPU
		{860ED091-E540-4571-BCB9-1DD2187B79A1}.Release|iPhoneSimulator.Build.0 = Release|Any CPU
		{860ED091-E540-4571-BCB9-1DD2187B79A1}.Release|iPhoneSimulator.Deploy.0 = Release|Any CPU
		{2AB1E05D-5BAE-422F-A8F7-F382113638DD}.Debug|Any CPU.ActiveCfg = Debug|iPhone
		{2AB1E05D-5BAE-422F-A8F7-F382113638DD}.Debug|Any CPU.Build.0 = Debug|iPhone
		{2AB1E05D-5BAE-422F-A8F7-F382113638DD}.Debug|Any CPU.Deploy.0 = Debug|iPhone
		{2AB1E05D-5BAE-422F-A8F7-F382113638DD}.Debug|iPhone.ActiveCfg = Debug|iPhone
		{2AB1E05D-5BAE-422F-A8F7-F382113638DD}.Debug|iPhone.Build.0 = Debug|iPhone
		{2AB1E05D-5BAE-422F-A8F7-F382113638DD}.Debug|iPhone.Deploy.0 = Debug|iPhone
		{2AB1E05D-5BAE-422F-A8F7-F382113638DD}.Debug|iPhoneSimulator.ActiveCfg = Debug|iPhoneSimulator
		{2AB1E05D-5BAE-422F-A8F7-F382113638DD}.Debug|iPhoneSimulator.Build.0 = Debug|iPhoneSimulator
		{2AB1E05D-5BAE-422F-A8F7-F382113638DD}.Debug|iPhoneSimulator.Deploy.0 = Debug|iPhoneSimulator
		{2AB1E05D-5BAE-422F-A8F7-F382113638DD}.Release|Any CPU.ActiveCfg = Release|iPhone
		{2AB1E05D-5BAE-422F-A8F7-F382113638DD}.Release|Any CPU.Build.0 = Release|iPhone
		{2AB1E05D-5BAE-422F-A8F7-F382113638DD}.Release|Any CPU.Deploy.0 = Release|iPhone
		{2AB1E05D-5BAE-422F-A8F7-F382113638DD}.Release|iPhone.ActiveCfg = Release|iPhone
		{2AB1E05D-5BAE-422F-A8F7-F382113638DD}.Release|iPhone.Build.0 = Release|iPhone
		{2AB1E05D-5BAE-422F-A8F7-F382113638DD}.Release|iPhone.Deploy.0 = Release|iPhone
		{2AB1E05D-5BAE-422F-A8F7-F382113638DD}.Release|iPhoneSimulator.ActiveCfg = Release|iPhoneSimulator
		{2AB1E05D-5BAE-422F-A8F7-F382113638DD}.Release|iPhoneSimulator.Build.0 = Release|iPhoneSimulator
		{2AB1E05D-5BAE-422F-A8F7-F382113638DD}.Release|iPhoneSimulator.Deploy.0 = Release|iPhoneSimulator
		{4E6E2B2C-E9E1-4A45-BFF8-2C05AD9D834A}.Debug|Any CPU.ActiveCfg = Debug|Any CPU
		{4E6E2B2C-E9E1-4A45-BFF8-2C05AD9D834A}.Debug|Any CPU.Build.0 = Debug|Any CPU
		{4E6E2B2C-E9E1-4A45-BFF8-2C05AD9D834A}.Debug|Any CPU.Deploy.0 = Debug|Any CPU
		{4E6E2B2C-E9E1-4A45-BFF8-2C05AD9D834A}.Debug|iPhone.ActiveCfg = Debug|Any CPU
		{4E6E2B2C-E9E1-4A45-BFF8-2C05AD9D834A}.Debug|iPhone.Build.0 = Debug|Any CPU
		{4E6E2B2C-E9E1-4A45-BFF8-2C05AD9D834A}.Debug|iPhone.Deploy.0 = Debug|Any CPU
		{4E6E2B2C-E9E1-4A45-BFF8-2C05AD9D834A}.Debug|iPhoneSimulator.ActiveCfg = Debug|Any CPU
		{4E6E2B2C-E9E1-4A45-BFF8-2C05AD9D834A}.Debug|iPhoneSimulator.Build.0 = Debug|Any CPU
		{4E6E2B2C-E9E1-4A45-BFF8-2C05AD9D834A}.Debug|iPhoneSimulator.Deploy.0 = Debug|Any CPU
		{4E6E2B2C-E9E1-4A45-BFF8-2C05AD9D834A}.Release|Any CPU.ActiveCfg = Release|Any CPU
		{4E6E2B2C-E9E1-4A45-BFF8-2C05AD9D834A}.Release|Any CPU.Build.0 = Release|Any CPU
		{4E6E2B2C-E9E1-4A45-BFF8-2C05AD9D834A}.Release|Any CPU.Deploy.0 = Release|Any CPU
		{4E6E2B2C-E9E1-4A45-BFF8-2C05AD9D834A}.Release|iPhone.ActiveCfg = Release|Any CPU
		{4E6E2B2C-E9E1-4A45-BFF8-2C05AD9D834A}.Release|iPhone.Build.0 = Release|Any CPU
		{4E6E2B2C-E9E1-4A45-BFF8-2C05AD9D834A}.Release|iPhone.Deploy.0 = Release|Any CPU
		{4E6E2B2C-E9E1-4A45-BFF8-2C05AD9D834A}.Release|iPhoneSimulator.ActiveCfg = Release|Any CPU
		{4E6E2B2C-E9E1-4A45-BFF8-2C05AD9D834A}.Release|iPhoneSimulator.Build.0 = Release|Any CPU
		{4E6E2B2C-E9E1-4A45-BFF8-2C05AD9D834A}.Release|iPhoneSimulator.Deploy.0 = Release|Any CPU
	EndGlobalSection
	GlobalSection(SolutionProperties) = preSolution
		HideSolutionNode = FALSE
	EndGlobalSection
	GlobalSection(ExtensibilityGlobals) = postSolution
		SolutionGuid = {065383D9-4B91-45B7-AE74-1069CF781A2F}
	EndGlobalSection
EndGlobal
